
Microsoft Visual Studio Solution File, Format Version 12.00
# Visual Studio Version 16
VisualStudioVersion = 16.0.30114.105
MinimumVisualStudioVersion = 10.0.40219.1
Project("{FAE04EC0-301F-11D3-BF4B-00C04F79EFBC}") = "Fight_sim", "Fight_sim\Fight_sim.csproj", "{CF449F39-1A4C-4A53-9ECA-DCD103621BE1}"
EndProject
Global
	GlobalSection(SolutionConfigurationPlatforms) = preSolution
		Debug|Any CPU = Debug|Any CPU
		Release|Any CPU = Release|Any CPU
	EndGlobalSection
	GlobalSection(SolutionProperties) = preSolution
		HideSolutionNode = FALSE
	EndGlobalSection
	GlobalSection(ProjectConfigurationPlatforms) = postSolution
		{CF449F39-1A4C-4A53-9ECA-DCD103621BE1}.Debug|Any CPU.ActiveCfg = Debug|Any CPU
		{CF449F39-1A4C-4A53-9ECA-DCD103621BE1}.Debug|Any CPU.Build.0 = Debug|Any CPU
		{CF449F39-1A4C-4A53-9ECA-DCD103621BE1}.Release|Any CPU.ActiveCfg = Release|Any CPU
		{CF449F39-1A4C-4A53-9ECA-DCD103621BE1}.Release|Any CPU.Build.0 = Release|Any CPU
	EndGlobalSection
EndGlobal
